// !$*UTF8*$!
{
	archiveVersion = 1;
	classes = {
	};
	objectVersion = 56;
	objects = {

/* Begin PBXBuildFile section */
		0DCD6C2AE723A7047C8C8711 /* MatchDetailInteractor.swift in Sources */ = {isa = PBXBuildFile; fileRef = 5EBE34A8158911A813C3EC82 /* MatchDetailInteractor.swift */; };
		1BA33E28FD097911CFD9FA54 /* MatchCell.swift in Sources */ = {isa = PBXBuildFile; fileRef = 92C74FA3934B56E03392673F /* MatchCell.swift */; };
		1CE738F87A0C47E5B6570779 /* MatchesWorker.swift in Sources */ = {isa = PBXBuildFile; fileRef = C77086640A968D15AAD1EA9E /* MatchesWorker.swift */; };
		1D27F995FB7B657182FA2FDA /* MatchDetailWorker.swift in Sources */ = {isa = PBXBuildFile; fileRef = 25E2D8AF1B3D748C31938168 /* MatchDetailWorker.swift */; };
		41696345290D6D44A18E0E6D /* CreateMatchPresenter.swift in Sources */ = {isa = PBXBuildFile; fileRef = 37018333EFA40E00A34ABED3 /* CreateMatchPresenter.swift */; };
		5AFF3A4E111A489EB28BC5F9 /* MatchFormatting.swift in Sources */ = {isa = PBXBuildFile; fileRef = 77B31490015901CA7EA2B551 /* MatchFormatting.swift */; };
		5B1539822F972FFE003D782E /* Networking.swift in Sources */ = {isa = PBXBuildFile; fileRef = 5B1539812F972FFE003D782E /* Networking.swift */; };
		5B3B72402F4540A400A0C1BB /* AppDelegate.swift in Sources */ = {isa = PBXBuildFile; fileRef = 5B3B723F2F4540A400A0C1BB /* AppDelegate.swift */; };
		5B3B72422F4540A400A0C1BB /* SceneDelegate.swift in Sources */ = {isa = PBXBuildFile; fileRef = 5B3B72412F4540A400A0C1BB /* SceneDelegate.swift */; };
		5B3B724A2F4540A400A0C1BB /* FutebasApp.xcdatamodeld in Sources */ = {isa = PBXBuildFile; fileRef = 5B3B72482F4540A400A0C1BB /* FutebasApp.xcdatamodeld */; };
		5B3B724C2F4540A600A0C1BB /* Assets.xcassets in Resources */ = {isa = PBXBuildFile; fileRef = 5B3B724B2F4540A600A0C1BB /* Assets.xcassets */; };
		5B3B724F2F4540A600A0C1BB /* LaunchScreen.storyboard in Resources */ = {isa = PBXBuildFile; fileRef = 5B3B724D2F4540A600A0C1BB /* LaunchScreen.storyboard */; };
		5B3B725A2F4540A600A0C1BB /* FutebasAppTests.swift in Sources */ = {isa = PBXBuildFile; fileRef = 5B3B72592F4540A600A0C1BB /* FutebasAppTests.swift */; };
		5B3B72642F4540A600A0C1BB /* FutebasAppUITests.swift in Sources */ = {isa = PBXBuildFile; fileRef = 5B3B72632F4540A600A0C1BB /* FutebasAppUITests.swift */; };
		5B3B72662F4540A600A0C1BB /* FutebasAppUITestsLaunchTests.swift in Sources */ = {isa = PBXBuildFile; fileRef = 5B3B72652F4540A600A0C1BB /* FutebasAppUITestsLaunchTests.swift */; };
		5B3B72732F4540FA00A0C1BB /* LoginViewController.swift in Sources */ = {isa = PBXBuildFile; fileRef = 5B3B72722F4540FA00A0C1BB /* LoginViewController.swift */; };
		5B8023982FA10D3E00C04D61 /* FutebasButton.swift in Sources */ = {isa = PBXBuildFile; fileRef = 5B8023972FA10D3E00C04D61 /* FutebasButton.swift */; };
		5B80239A2FA2ED0800C04D61 /* FutebasColors.swift in Sources */ = {isa = PBXBuildFile; fileRef = 5B8023992FA2ED0800C04D61 /* FutebasColors.swift */; };
		5BAF5CEA2F81C973009C3358 /* GoogleService-Info.plist in Resources */ = {isa = PBXBuildFile; fileRef = 5BAF5CE92F81C973009C3358 /* GoogleService-Info.plist */; };
		5BAF5CED2F81CAFE009C3358 /* FirebaseAuth in Frameworks */ = {isa = PBXBuildFile; productRef = 5BAF5CEC2F81CAFE009C3358 /* FirebaseAuth */; };
		5BAF5CEF2F81CAFE009C3358 /* FirebaseCore in Frameworks */ = {isa = PBXBuildFile; productRef = 5BAF5CEE2F81CAFE009C3358 /* FirebaseCore */; };
		5BAF5CF12F81CAFE009C3358 /* FirebaseCrashlytics in Frameworks */ = {isa = PBXBuildFile; productRef = 5BAF5CF02F81CAFE009C3358 /* FirebaseCrashlytics */; };
		5BB038682FA42C27008E714B /* FutebasSpacing.swift in Sources */ = {isa = PBXBuildFile; fileRef = 5BB038672FA42C27008E714B /* FutebasSpacing.swift */; };
		5BB0386A2FA42D99008E714B /* FutebasRadius.swift in Sources */ = {isa = PBXBuildFile; fileRef = 5BB038692FA42D99008E714B /* FutebasRadius.swift */; };
		5BB0386C2FA42E51008E714B /* FutebasTypography.swift in Sources */ = {isa = PBXBuildFile; fileRef = 5BB0386B2FA42E51008E714B /* FutebasTypography.swift */; };
		5BB0386E2FA4320C008E714B /* LoginViewControllerPreview.swift in Sources */ = {isa = PBXBuildFile; fileRef = 5BB0386D2FA4320C008E714B /* LoginViewControllerPreview.swift */; };
		5BF4DE4B2F9F8DF3000B6CEF /* FutebasTextField.swift in Sources */ = {isa = PBXBuildFile; fileRef = 5BF4DE4A2F9F8DF3000B6CEF /* FutebasTextField.swift */; };
		673DE9E339F9F375519E79EC /* Match.swift in Sources */ = {isa = PBXBuildFile; fileRef = 955F479EFA8D023B0D8C22C5 /* Match.swift */; };
		6CFF4A794CF6A5EDB0B75191 /* MatchesCoordinator.swift in Sources */ = {isa = PBXBuildFile; fileRef = D079B54E013AFD87BD72823C /* MatchesCoordinator.swift */; };
		74914FD774822026AD7781A4 /* CreateMatchWorker.swift in Sources */ = {isa = PBXBuildFile; fileRef = 68BC357D1AF2A6C8CDB34FF4 /* CreateMatchWorker.swift */; };
		7B07B6BE230AEB6C61472B92 /* CreateMatchModels.swift in Sources */ = {isa = PBXBuildFile; fileRef = 424E2DF4C70BB99C2713C949 /* CreateMatchModels.swift */; };
		980DEECDBA05D8A803D08916 /* MatchesModels.swift in Sources */ = {isa = PBXBuildFile; fileRef = 4BFD5BCB7E724D34EFE11B61 /* MatchesModels.swift */; };
		9B86554FC0DC930990ECD59D /* MatchDetailViewController.swift in Sources */ = {isa = PBXBuildFile; fileRef = EDDC9335D330780668E220E7 /* MatchDetailViewController.swift */; };
		9DF516FA78D827D92FD3DDCA /* MatchesInteractor.swift in Sources */ = {isa = PBXBuildFile; fileRef = 153B0E84620B06F29B6400CF /* MatchesInteractor.swift */; };
		A08ACA9F8515FA20F48F0FCE /* DashedBorder.swift in Sources */ = {isa = PBXBuildFile; fileRef = 910A0199592F23F85B5C5D21 /* DashedBorder.swift */; };
		B13A51FD170BE0A1A97852D1 /* MatchesPresenter.swift in Sources */ = {isa = PBXBuildFile; fileRef = EC3F11AA358049F3D9AB58F7 /* MatchesPresenter.swift */; };
		B27E3A0DD3ACD42FF9FD9698 /* CreateMatchInteractor.swift in Sources */ = {isa = PBXBuildFile; fileRef = 54A39A23D863AC66BF5CD638 /* CreateMatchInteractor.swift */; };
		B3FA28B076D3D5D5DCADD5E4 /* MatchesStore.swift in Sources */ = {isa = PBXBuildFile; fileRef = EC0896345C20BC42DB3750BD /* MatchesStore.swift */; };
		BA38EB809A6BE1FF8EF8902D /* TeamCardView.swift in Sources */ = {isa = PBXBuildFile; fileRef = 4D1B0A1F953685FE13283501 /* TeamCardView.swift */; };
		C5EA5EB1B888761F0167F679 /* MatchDetailModels.swift in Sources */ = {isa = PBXBuildFile; fileRef = F14F76F5551C4E749F484AF0 /* MatchDetailModels.swift */; };
		E00F4AB35637DD7785C42A22 /* ToggleSwitchView.swift in Sources */ = {isa = PBXBuildFile; fileRef = EF199E5F381BC592959174A6 /* ToggleSwitchView.swift */; };
		E0BA0BB37A705CD544A4F73F /* MatchesViewController.swift in Sources */ = {isa = PBXBuildFile; fileRef = B7FF0046FE83E3352ED30455 /* MatchesViewController.swift */; };
		E3D8F82C29E78812DC648359 /* CreateMatchViewController.swift in Sources */ = {isa = PBXBuildFile; fileRef = 7D134CB2351B0707CE144F9A /* CreateMatchViewController.swift */; };
		EFFB14A978DFD075E9BA6DFC /* MatchDetailPresenter.swift in Sources */ = {isa = PBXBuildFile; fileRef = 7CEC52D1772614B16A3ED21F /* MatchDetailPresenter.swift */; };
/* End PBXBuildFile section */

/* Begin PBXContainerItemProxy section */
		5B3B72562F4540A600A0C1BB /* PBXContainerItemProxy */ = {
			isa = PBXContainerItemProxy;
			containerPortal = 5B3B72342F4540A400A0C1BB /* Project object */;
			proxyType = 1;
			remoteGlobalIDString = 5B3B723B2F4540A400A0C1BB;
			remoteInfo = FutebasApp;
		};
		5B3B72602F4540A600A0C1BB /* PBXContainerItemProxy */ = {
			isa = PBXContainerItemProxy;
			containerPortal = 5B3B72342F4540A400A0C1BB /* Project object */;
			proxyType = 1;
			remoteGlobalIDString = 5B3B723B2F4540A400A0C1BB;
			remoteInfo = FutebasApp;
		};
/* End PBXContainerItemProxy section */

/* Begin PBXFileReference section */
		153B0E84620B06F29B6400CF /* MatchesInteractor.swift */ = {isa = PBXFileReference; includeInIndex = 1; lastKnownFileType = sourcecode.swift; path = MatchesInteractor.swift; sourceTree = "<group>"; };
		25E2D8AF1B3D748C31938168 /* MatchDetailWorker.swift */ = {isa = PBXFileReference; includeInIndex = 1; lastKnownFileType = sourcecode.swift; path = MatchDetailWorker.swift; sourceTree = "<group>"; };
		37018333EFA40E00A34ABED3 /* CreateMatchPresenter.swift */ = {isa = PBXFileReference; includeInIndex = 1; lastKnownFileType = sourcecode.swift; path = CreateMatchPresenter.swift; sourceTree = "<group>"; };
		424E2DF4C70BB99C2713C949 /* CreateMatchModels.swift */ = {isa = PBXFileReference; includeInIndex = 1; lastKnownFileType = sourcecode.swift; path = CreateMatchModels.swift; sourceTree = "<group>"; };
		4BFD5BCB7E724D34EFE11B61 /* MatchesModels.swift */ = {isa = PBXFileReference; includeInIndex = 1; lastKnownFileType = sourcecode.swift; path = MatchesModels.swift; sourceTree = "<group>"; };
		4D1B0A1F953685FE13283501 /* TeamCardView.swift */ = {isa = PBXFileReference; includeInIndex = 1; lastKnownFileType = sourcecode.swift; path = TeamCardView.swift; sourceTree = "<group>"; };
		54A39A23D863AC66BF5CD638 /* CreateMatchInteractor.swift */ = {isa = PBXFileReference; includeInIndex = 1; lastKnownFileType = sourcecode.swift; path = CreateMatchInteractor.swift; sourceTree = "<group>"; };
		5B1539812F972FFE003D782E /* Networking.swift */ = {isa = PBXFileReference; lastKnownFileType = sourcecode.swift; path = Networking.swift; sourceTree = "<group>"; };
		5B3B723C2F4540A400A0C1BB /* FutebasApp.app */ = {isa = PBXFileReference; explicitFileType = wrapper.application; includeInIndex = 0; path = FutebasApp.app; sourceTree = BUILT_PRODUCTS_DIR; };
		5B3B723F2F4540A400A0C1BB /* AppDelegate.swift */ = {isa = PBXFileReference; lastKnownFileType = sourcecode.swift; path = AppDelegate.swift; sourceTree = "<group>"; };
		5B3B72412F4540A400A0C1BB /* SceneDelegate.swift */ = {isa = PBXFileReference; lastKnownFileType = sourcecode.swift; path = SceneDelegate.swift; sourceTree = "<group>"; };
		5B3B72492F4540A400A0C1BB /* FutebasApp.xcdatamodel */ = {isa = PBXFileReference; lastKnownFileType = wrapper.xcdatamodel; path = FutebasApp.xcdatamodel; sourceTree = "<group>"; };
		5B3B724B2F4540A600A0C1BB /* Assets.xcassets */ = {isa = PBXFileReference; lastKnownFileType = folder.assetcatalog; path = Assets.xcassets; sourceTree = "<group>"; };
		5B3B724E2F4540A600A0C1BB /* Base */ = {isa = PBXFileReference; lastKnownFileType = file.storyboard; name = Base; path = Base.lproj/LaunchScreen.storyboard; sourceTree = "<group>"; };
		5B3B72502F4540A600A0C1BB /* Info.plist */ = {isa = PBXFileReference; lastKnownFileType = text.plist.xml; path = Info.plist; sourceTree = "<group>"; };
		5B3B72552F4540A600A0C1BB /* FutebasAppTests.xctest */ = {isa = PBXFileReference; explicitFileType = wrapper.cfbundle; includeInIndex = 0; path = FutebasAppTests.xctest; sourceTree = BUILT_PRODUCTS_DIR; };
		5B3B72592F4540A600A0C1BB /* FutebasAppTests.swift */ = {isa = PBXFileReference; lastKnownFileType = sourcecode.swift; path = FutebasAppTests.swift; sourceTree = "<group>"; };
		5B3B725F2F4540A600A0C1BB /* FutebasAppUITests.xctest */ = {isa = PBXFileReference; explicitFileType = wrapper.cfbundle; includeInIndex = 0; path = FutebasAppUITests.xctest; sourceTree = BUILT_PRODUCTS_DIR; };
		5B3B72632F4540A600A0C1BB /* FutebasAppUITests.swift */ = {isa = PBXFileReference; lastKnownFileType = sourcecode.swift; path = FutebasAppUITests.swift; sourceTree = "<group>"; };
		5B3B72652F4540A600A0C1BB /* FutebasAppUITestsLaunchTests.swift */ = {isa = PBXFileReference; lastKnownFileType = sourcecode.swift; path = FutebasAppUITestsLaunchTests.swift; sourceTree = "<group>"; };
		5B3B72722F4540FA00A0C1BB /* LoginViewController.swift */ = {isa = PBXFileReference; lastKnownFileType = sourcecode.swift; path = LoginViewController.swift; sourceTree = "<group>"; };
		5B3B72742F4541AA00A0C1BB /* Documentation.md */ = {isa = PBXFileReference; lastKnownFileType = net.daringfireball.markdown; path = Documentation.md; sourceTree = "<group>"; };
		5B8023972FA10D3E00C04D61 /* FutebasButton.swift */ = {isa = PBXFileReference; lastKnownFileType = sourcecode.swift; path = FutebasButton.swift; sourceTree = "<group>"; };
		5B8023992FA2ED0800C04D61 /* FutebasColors.swift */ = {isa = PBXFileReference; lastKnownFileType = sourcecode.swift; path = FutebasColors.swift; sourceTree = "<group>"; };
		5BAF5CE92F81C973009C3358 /* GoogleService-Info.plist */ = {isa = PBXFileReference; lastKnownFileType = text.plist.xml; path = "GoogleService-Info.plist"; sourceTree = "<group>"; };
		5BB038672FA42C27008E714B /* FutebasSpacing.swift */ = {isa = PBXFileReference; lastKnownFileType = sourcecode.swift; path = FutebasSpacing.swift; sourceTree = "<group>"; };
		5BB038692FA42D99008E714B /* FutebasRadius.swift */ = {isa = PBXFileReference; lastKnownFileType = sourcecode.swift; path = FutebasRadius.swift; sourceTree = "<group>"; };
		5BB0386B2FA42E51008E714B /* FutebasTypography.swift */ = {isa = PBXFileReference; lastKnownFileType = sourcecode.swift; path = FutebasTypography.swift; sourceTree = "<group>"; };
		5BB0386D2FA4320C008E714B /* LoginViewControllerPreview.swift */ = {isa = PBXFileReference; lastKnownFileType = sourcecode.swift; path = LoginViewControllerPreview.swift; sourceTree = "<group>"; };
		5BF4DE4A2F9F8DF3000B6CEF /* FutebasTextField.swift */ = {isa = PBXFileReference; lastKnownFileType = sourcecode.swift; path = FutebasTextField.swift; sourceTree = "<group>"; };
		5EBE34A8158911A813C3EC82 /* MatchDetailInteractor.swift */ = {isa = PBXFileReference; includeInIndex = 1; lastKnownFileType = sourcecode.swift; path = MatchDetailInteractor.swift; sourceTree = "<group>"; };
		68BC357D1AF2A6C8CDB34FF4 /* CreateMatchWorker.swift */ = {isa = PBXFileReference; includeInIndex = 1; lastKnownFileType = sourcecode.swift; path = CreateMatchWorker.swift; sourceTree = "<group>"; };
		77B31490015901CA7EA2B551 /* MatchFormatting.swift */ = {isa = PBXFileReference; includeInIndex = 1; lastKnownFileType = sourcecode.swift; path = MatchFormatting.swift; sourceTree = "<group>"; };
		7CEC52D1772614B16A3ED21F /* MatchDetailPresenter.swift */ = {isa = PBXFileReference; includeInIndex = 1; lastKnownFileType = sourcecode.swift; path = MatchDetailPresenter.swift; sourceTree = "<group>"; };
		7D134CB2351B0707CE144F9A /* CreateMatchViewController.swift */ = {isa = PBXFileReference; includeInIndex = 1; lastKnownFileType = sourcecode.swift; path = CreateMatchViewController.swift; sourceTree = "<group>"; };
		910A0199592F23F85B5C5D21 /* DashedBorder.swift */ = {isa = PBXFileReference; includeInIndex = 1; lastKnownFileType = sourcecode.swift; path = DashedBorder.swift; sourceTree = "<group>"; };
		92C74FA3934B56E03392673F /* MatchCell.swift */ = {isa = PBXFileReference; includeInIndex = 1; lastKnownFileType = sourcecode.swift; path = MatchCell.swift; sourceTree = "<group>"; };
		955F479EFA8D023B0D8C22C5 /* Match.swift */ = {isa = PBXFileReference; includeInIndex = 1; lastKnownFileType = sourcecode.swift; path = Match.swift; sourceTree = "<group>"; };
		B7FF0046FE83E3352ED30455 /* MatchesViewController.swift */ = {isa = PBXFileReference; includeInIndex = 1; lastKnownFileType = sourcecode.swift; path = MatchesViewController.swift; sourceTree = "<group>"; };
		C77086640A968D15AAD1EA9E /* MatchesWorker.swift */ = {isa = PBXFileReference; includeInIndex = 1; lastKnownFileType = sourcecode.swift; path = MatchesWorker.swift; sourceTree = "<group>"; };
		D079B54E013AFD87BD72823C /* MatchesCoordinator.swift */ = {isa = PBXFileReference; includeInIndex = 1; lastKnownFileType = sourcecode.swift; path = MatchesCoordinator.swift; sourceTree = "<group>"; };
		EC0896345C20BC42DB3750BD /* MatchesStore.swift */ = {isa = PBXFileReference; includeInIndex = 1; lastKnownFileType = sourcecode.swift; path = MatchesStore.swift; sourceTree = "<group>"; };
		EC3F11AA358049F3D9AB58F7 /* MatchesPresenter.swift */ = {isa = PBXFileReference; includeInIndex = 1; lastKnownFileType = sourcecode.swift; path = MatchesPresenter.swift; sourceTree = "<group>"; };
		EDDC9335D330780668E220E7 /* MatchDetailViewController.swift */ = {isa = PBXFileReference; includeInIndex = 1; lastKnownFileType = sourcecode.swift; path = MatchDetailViewController.swift; sourceTree = "<group>"; };
		EF199E5F381BC592959174A6 /* ToggleSwitchView.swift */ = {isa = PBXFileReference; includeInIndex = 1; lastKnownFileType = sourcecode.swift; path = ToggleSwitchView.swift; sourceTree = "<group>"; };
		F14F76F5551C4E749F484AF0 /* MatchDetailModels.swift */ = {isa = PBXFileReference; includeInIndex = 1; lastKnownFileType = sourcecode.swift; path = MatchDetailModels.swift; sourceTree = "<group>"; };
/* End PBXFileReference section */

/* Begin PBXFrameworksBuildPhase section */
		5B3B72392F4540A400A0C1BB /* Frameworks */ = {
			isa = PBXFrameworksBuildPhase;
			buildActionMask = 2147483647;
			files = (
				5BAF5CF12F81CAFE009C3358 /* FirebaseCrashlytics in Frameworks */,
				5BAF5CEF2F81CAFE009C3358 /* FirebaseCore in Frameworks */,
				5BAF5CED2F81CAFE009C3358 /* FirebaseAuth in Frameworks */,
			);
			runOnlyForDeploymentPostprocessing = 0;
		};
		5B3B72522F4540A600A0C1BB /* Frameworks */ = {
			isa = PBXFrameworksBuildPhase;
			buildActionMask = 2147483647;
			files = (
			);
			runOnlyForDeploymentPostprocessing = 0;
		};
		5B3B725C2F4540A600A0C1BB /* Frameworks */ = {
			isa = PBXFrameworksBuildPhase;
			buildActionMask = 2147483647;
			files = (
			);
			runOnlyForDeploymentPostprocessing = 0;
		};
/* End PBXFrameworksBuildPhase section */

/* Begin PBXGroup section */
		3B6317A35D415C29D0F4EEF4 /* Matches */ = {
			isa = PBXGroup;
			children = (
				4BFD5BCB7E724D34EFE11B61 /* MatchesModels.swift */,
				C77086640A968D15AAD1EA9E /* MatchesWorker.swift */,
				153B0E84620B06F29B6400CF /* MatchesInteractor.swift */,
				EC3F11AA358049F3D9AB58F7 /* MatchesPresenter.swift */,
				B7FF0046FE83E3352ED30455 /* MatchesViewController.swift */,
				92C74FA3934B56E03392673F /* MatchCell.swift */,
				D079B54E013AFD87BD72823C /* MatchesCoordinator.swift */,
			);
			name = Matches;
			path = Matches;
			sourceTree = "<group>";
		};
		55469AADBF25FC1A43574FCD /* MatchDetail */ = {
			isa = PBXGroup;
			children = (
				F14F76F5551C4E749F484AF0 /* MatchDetailModels.swift */,
				25E2D8AF1B3D748C31938168 /* MatchDetailWorker.swift */,
				5EBE34A8158911A813C3EC82 /* MatchDetailInteractor.swift */,
				7CEC52D1772614B16A3ED21F /* MatchDetailPresenter.swift */,
				EDDC9335D330780668E220E7 /* MatchDetailViewController.swift */,
				4D1B0A1F953685FE13283501 /* TeamCardView.swift */,
				EF199E5F381BC592959174A6 /* ToggleSwitchView.swift */,
			);
			name = MatchDetail;
			path = MatchDetail;
			sourceTree = "<group>";
		};
		5B15397D2F971CEC003D782E /* App */ = {
			isa = PBXGroup;
			children = (
				5B3B724B2F4540A600A0C1BB /* Assets.xcassets */,
				5B3B724D2F4540A600A0C1BB /* LaunchScreen.storyboard */,
				5B3B72412F4540A400A0C1BB /* SceneDelegate.swift */,
				5B3B723F2F4540A400A0C1BB /* AppDelegate.swift */,
			);
			path = App;
			sourceTree = "<group>";
		};
		5B15397E2F971D1F003D782E /* Scenes */ = {
			isa = PBXGroup;
			children = (
				5B15397F2F971D31003D782E /* Login */,
				3B6317A35D415C29D0F4EEF4 /* Matches */,
				CC75B33EC3790C6D9A87F0B4 /* CreateMatch */,
				55469AADBF25FC1A43574FCD /* MatchDetail */,
			);
			path = Scenes;
			sourceTree = "<group>";
		};
		5B15397F2F971D31003D782E /* Login */ = {
			isa = PBXGroup;
			children = (
				5B3B72722F4540FA00A0C1BB /* LoginViewController.swift */,
				5BB0386D2FA4320C008E714B /* LoginViewControllerPreview.swift */,
			);
			path = Login;
			sourceTree = "<group>";
		};
		5B1539802F972FEA003D782E /* Services */ = {
			isa = PBXGroup;
			children = (
				5B1539812F972FFE003D782E /* Networking.swift */,
				EC0896345C20BC42DB3750BD /* MatchesStore.swift */,
			);
			path = Services;
			sourceTree = "<group>";
		};
		5B3B72332F4540A400A0C1BB = {
			isa = PBXGroup;
			children = (
				5B3B723E2F4540A400A0C1BB /* FutebasApp */,
				5B3B72582F4540A600A0C1BB /* FutebasAppTests */,
				5B3B72622F4540A600A0C1BB /* FutebasAppUITests */,
				5B3B723D2F4540A400A0C1BB /* Products */,
			);
			sourceTree = "<group>";
		};
		5B3B723D2F4540A400A0C1BB /* Products */ = {
			isa = PBXGroup;
			children = (
				5B3B723C2F4540A400A0C1BB /* FutebasApp.app */,
				5B3B72552F4540A600A0C1BB /* FutebasAppTests.xctest */,
				5B3B725F2F4540A600A0C1BB /* FutebasAppUITests.xctest */,
			);
			name = Products;
			sourceTree = "<group>";
		};
		5B3B723E2F4540A400A0C1BB /* FutebasApp */ = {
			isa = PBXGroup;
			children = (
				5BF4DE492F9F8DD3000B6CEF /* Core */,
				5B1539802F972FEA003D782E /* Services */,
				5B15397E2F971D1F003D782E /* Scenes */,
				5B15397D2F971CEC003D782E /* App */,
				5B3B72742F4541AA00A0C1BB /* Documentation.md */,
				5BAF5CE92F81C973009C3358 /* GoogleService-Info.plist */,
				5B3B72502F4540A600A0C1BB /* Info.plist */,
				5B3B72482F4540A400A0C1BB /* FutebasApp.xcdatamodeld */,
				955F479EFA8D023B0D8C22C5 /* Match.swift */,
				E359AF5C05E2741119FFAC63 /* Common */,
			);
			path = FutebasApp;
			sourceTree = "<group>";
		};
		5B3B72582F4540A600A0C1BB /* FutebasAppTests */ = {
			isa = PBXGroup;
			children = (
				5B3B72592F4540A600A0C1BB /* FutebasAppTests.swift */,
			);
			path = FutebasAppTests;
			sourceTree = "<group>";
		};
		5B3B72622F4540A600A0C1BB /* FutebasAppUITests */ = {
			isa = PBXGroup;
			children = (
				5B3B72632F4540A600A0C1BB /* FutebasAppUITests.swift */,
				5B3B72652F4540A600A0C1BB /* FutebasAppUITestsLaunchTests.swift */,
			);
			path = FutebasAppUITests;
			sourceTree = "<group>";
		};
		5BF4DE492F9F8DD3000B6CEF /* Core */ = {
			isa = PBXGroup;
			children = (
				5BF4DE4C2F9F8EB2000B6CEF /* UI */,
			);
			path = Core;
			sourceTree = "<group>";
		};
		5BF4DE4C2F9F8EB2000B6CEF /* UI */ = {
			isa = PBXGroup;
			children = (
				5BF4DE4E2F9F8ECA000B6CEF /* Components */,
			);
			path = UI;
			sourceTree = "<group>";
		};
		5BF4DE4E2F9F8ECA000B6CEF /* Components */ = {
			isa = PBXGroup;
			children = (
				5BF4DE4A2F9F8DF3000B6CEF /* FutebasTextField.swift */,
				5B8023972FA10D3E00C04D61 /* FutebasButton.swift */,
				5B8023992FA2ED0800C04D61 /* FutebasColors.swift */,
				5BB038672FA42C27008E714B /* FutebasSpacing.swift */,
				5BB038692FA42D99008E714B /* FutebasRadius.swift */,
				5BB0386B2FA42E51008E714B /* FutebasTypography.swift */,
			);
			path = Components;
			sourceTree = "<group>";
		};
		CC75B33EC3790C6D9A87F0B4 /* CreateMatch */ = {
			isa = PBXGroup;
			children = (
				424E2DF4C70BB99C2713C949 /* CreateMatchModels.swift */,
				68BC357D1AF2A6C8CDB34FF4 /* CreateMatchWorker.swift */,
				54A39A23D863AC66BF5CD638 /* CreateMatchInteractor.swift */,
				37018333EFA40E00A34ABED3 /* CreateMatchPresenter.swift */,
				7D134CB2351B0707CE144F9A /* CreateMatchViewController.swift */,
			);
			name = CreateMatch;
			path = CreateMatch;
			sourceTree = "<group>";
		};
		E359AF5C05E2741119FFAC63 /* Common */ = {
			isa = PBXGroup;
			children = (
				77B31490015901CA7EA2B551 /* MatchFormatting.swift */,
				910A0199592F23F85B5C5D21 /* DashedBorder.swift */,
			);
			name = Common;
			path = Common;
			sourceTree = "<group>";
		};
/* End PBXGroup section */

/* Begin PBXNativeTarget section */
		5B3B723B2F4540A400A0C1BB /* FutebasApp */ = {
			isa = PBXNativeTarget;
			buildConfigurationList = 5B3B72692F4540A600A0C1BB /* Build configuration list for PBXNativeTarget "FutebasApp" */;
			buildPhases = (
				5B3B72382F4540A400A0C1BB /* Sources */,
				5B3B72392F4540A400A0C1BB /* Frameworks */,
				5B3B723A2F4540A400A0C1BB /* Resources */,
			);
			buildRules = (
			);
			dependencies = (
			);
			name = FutebasApp;
			productName = FutebasApp;
			productReference = 5B3B723C2F4540A400A0C1BB /* FutebasApp.app */;
			productType = "com.apple.product-type.application";
		};
		5B3B72542F4540A600A0C1BB /* FutebasAppTests */ = {
			isa = PBXNativeTarget;
			buildConfigurationList = 5B3B726C2F4540A600A0C1BB /* Build configuration list for PBXNativeTarget "FutebasAppTests" */;
			buildPhases = (
				5B3B72512F4540A600A0C1BB /* Sources */,
				5B3B72522F4540A600A0C1BB /* Frameworks */,
				5B3B72532F4540A600A0C1BB /* Resources */,
			);
			buildRules = (
			);
			dependencies = (
				5B3B72572F4540A600A0C1BB /* PBXTargetDependency */,
			);
			name = FutebasAppTests;
			productName = FutebasAppTests;
			productReference = 5B3B72552F4540A600A0C1BB /* FutebasAppTests.xctest */;
			productType = "com.apple.product-type.bundle.unit-test";
		};
		5B3B725E2F4540A600A0C1BB /* FutebasAppUITests */ = {
			isa = PBXNativeTarget;
			buildConfigurationList = 5B3B726F2F4540A600A0C1BB /* Build configuration list for PBXNativeTarget "FutebasAppUITests" */;
			buildPhases = (
				5B3B725B2F4540A600A0C1BB /* Sources */,
				5B3B725C2F4540A600A0C1BB /* Frameworks */,
				5B3B725D2F4540A600A0C1BB /* Resources */,
			);
			buildRules = (
			);
			dependencies = (
				5B3B72612F4540A600A0C1BB /* PBXTargetDependency */,
			);
			name = FutebasAppUITests;
			productName = FutebasAppUITests;
			productReference = 5B3B725F2F4540A600A0C1BB /* FutebasAppUITests.xctest */;
			productType = "com.apple.product-type.bundle.ui-testing";
		};
/* End PBXNativeTarget section */

/* Begin PBXProject section */
		5B3B72342F4540A400A0C1BB /* Project object */ = {
			isa = PBXProject;
			attributes = {
				BuildIndependentTargetsInParallel = 1;
				LastSwiftUpdateCheck = 1420;
				LastUpgradeCheck = 1420;
				TargetAttributes = {
					5B3B723B2F4540A400A0C1BB = {
						CreatedOnToolsVersion = 14.2;
					};
					5B3B72542F4540A600A0C1BB = {
						CreatedOnToolsVersion = 14.2;
						TestTargetID = 5B3B723B2F4540A400A0C1BB;
					};
					5B3B725E2F4540A600A0C1BB = {
						CreatedOnToolsVersion = 14.2;
						TestTargetID = 5B3B723B2F4540A400A0C1BB;
					};
				};
			};
			buildConfigurationList = 5B3B72372F4540A400A0C1BB /* Build configuration list for PBXProject "FutebasApp" */;
			compatibilityVersion = "Xcode 14.0";
			developmentRegion = en;
			hasScannedForEncodings = 0;
			knownRegions = (
				en,
				Base,
			);
			mainGroup = 5B3B72332F4540A400A0C1BB;
			packageReferences = (
				5BAF5CEB2F81CAFE009C3358 /* XCRemoteSwiftPackageReference "firebase-ios-sdk" */,
			);
			productRefGroup = 5B3B723D2F4540A400A0C1BB /* Products */;
			projectDirPath = "";
			projectRoot = "";
			targets = (
				5B3B723B2F4540A400A0C1BB /* FutebasApp */,
				5B3B72542F4540A600A0C1BB /* FutebasAppTests */,
				5B3B725E2F4540A600A0C1BB /* FutebasAppUITests */,
			);
		};
/* End PBXProject section */

/* Begin PBXResourcesBuildPhase section */
		5B3B723A2F4540A400A0C1BB /* Resources */ = {
			isa = PBXResourcesBuildPhase;
			buildActionMask = 2147483647;
			files = (
				5B3B724F2F4540A600A0C1BB /* LaunchScreen.storyboard in Resources */,
				5B3B724C2F4540A600A0C1BB /* Assets.xcassets in Resources */,
				5BAF5CEA2F81C973009C3358 /* GoogleService-Info.plist in Resources */,
			);
			runOnlyForDeploymentPostprocessing = 0;
		};
		5B3B72532F4540A600A0C1BB /* Resources */ = {
			isa = PBXResourcesBuildPhase;
			buildActionMask = 2147483647;
			files = (
			);
			runOnlyForDeploymentPostprocessing = 0;
		};
		5B3B725D2F4540A600A0C1BB /* Resources */ = {
			isa = PBXResourcesBuildPhase;
			buildActionMask = 2147483647;
			files = (
			);
			runOnlyForDeploymentPostprocessing = 0;
		};
/* End PBXResourcesBuildPhase section */

/* Begin PBXSourcesBuildPhase section */
		5B3B72382F4540A400A0C1BB /* Sources */ = {
			isa = PBXSourcesBuildPhase;
			buildActionMask = 2147483647;
			files = (
				5B3B72732F4540FA00A0C1BB /* LoginViewController.swift in Sources */,
				5B1539822F972FFE003D782E /* Networking.swift in Sources */,
				5B80239A2FA2ED0800C04D61 /* FutebasColors.swift in Sources */,
				5B3B72402F4540A400A0C1BB /* AppDelegate.swift in Sources */,
				5BB0386C2FA42E51008E714B /* FutebasTypography.swift in Sources */,
				5BB038682FA42C27008E714B /* FutebasSpacing.swift in Sources */,
				5B3B724A2F4540A400A0C1BB /* FutebasApp.xcdatamodeld in Sources */,
				5B3B72422F4540A400A0C1BB /* SceneDelegate.swift in Sources */,
				5BB0386E2FA4320C008E714B /* LoginViewControllerPreview.swift in Sources */,
				5B8023982FA10D3E00C04D61 /* FutebasButton.swift in Sources */,
				5BB0386A2FA42D99008E714B /* FutebasRadius.swift in Sources */,
				5BF4DE4B2F9F8DF3000B6CEF /* FutebasTextField.swift in Sources */,
				673DE9E339F9F375519E79EC /* Match.swift in Sources */,
				5AFF3A4E111A489EB28BC5F9 /* MatchFormatting.swift in Sources */,
				A08ACA9F8515FA20F48F0FCE /* DashedBorder.swift in Sources */,
				B3FA28B076D3D5D5DCADD5E4 /* MatchesStore.swift in Sources */,
				980DEECDBA05D8A803D08916 /* MatchesModels.swift in Sources */,
				1CE738F87A0C47E5B6570779 /* MatchesWorker.swift in Sources */,
				9DF516FA78D827D92FD3DDCA /* MatchesInteractor.swift in Sources */,
				B13A51FD170BE0A1A97852D1 /* MatchesPresenter.swift in Sources */,
				E0BA0BB37A705CD544A4F73F /* MatchesViewController.swift in Sources */,
				1BA33E28FD097911CFD9FA54 /* MatchCell.swift in Sources */,
				6CFF4A794CF6A5EDB0B75191 /* MatchesCoordinator.swift in Sources */,
				7B07B6BE230AEB6C61472B92 /* CreateMatchModels.swift in Sources */,
				74914FD774822026AD7781A4 /* CreateMatchWorker.swift in Sources */,
				B27E3A0DD3ACD42FF9FD9698 /* CreateMatchInteractor.swift in Sources */,
				41696345290D6D44A18E0E6D /* CreateMatchPresenter.swift in Sources */,
				E3D8F82C29E78812DC648359 /* CreateMatchViewController.swift in Sources */,
				C5EA5EB1B888761F0167F679 /* MatchDetailModels.swift in Sources */,
				1D27F995FB7B657182FA2FDA /* MatchDetailWorker.swift in Sources */,
				0DCD6C2AE723A7047C8C8711 /* MatchDetailInteractor.swift in Sources */,
				EFFB14A978DFD075E9BA6DFC /* MatchDetailPresenter.swift in Sources */,
				9B86554FC0DC930990ECD59D /* MatchDetailViewController.swift in Sources */,
				BA38EB809A6BE1FF8EF8902D /* TeamCardView.swift in Sources */,
				E00F4AB35637DD7785C42A22 /* ToggleSwitchView.swift in Sources */,
			);
			runOnlyForDeploymentPostprocessing = 0;
		};
		5B3B72512F4540A600A0C1BB /* Sources */ = {
			isa = PBXSourcesBuildPhase;
			buildActionMask = 2147483647;
			files = (
				5B3B725A2F4540A600A0C1BB /* FutebasAppTests.swift in Sources */,
			);
			runOnlyForDeploymentPostprocessing = 0;
		};
		5B3B725B2F4540A600A0C1BB /* Sources */ = {
			isa = PBXSourcesBuildPhase;
			buildActionMask = 2147483647;
			files = (
				5B3B72642F4540A600A0C1BB /* FutebasAppUITests.swift in Sources */,
				5B3B72662F4540A600A0C1BB /* FutebasAppUITestsLaunchTests.swift in Sources */,
			);
			runOnlyForDeploymentPostprocessing = 0;
		};
/* End PBXSourcesBuildPhase section */

/* Begin PBXTargetDependency section */
		5B3B72572F4540A600A0C1BB /* PBXTargetDependency */ = {
			isa = PBXTargetDependency;
			target = 5B3B723B2F4540A400A0C1BB /* FutebasApp */;
			targetProxy = 5B3B72562F4540A600A0C1BB /* PBXContainerItemProxy */;
		};
		5B3B72612F4540A600A0C1BB /* PBXTargetDependency */ = {
			isa = PBXTargetDependency;
			target = 5B3B723B2F4540A400A0C1BB /* FutebasApp */;
			targetProxy = 5B3B72602F4540A600A0C1BB /* PBXContainerItemProxy */;
		};
/* End PBXTargetDependency section */

/* Begin PBXVariantGroup section */
		5B3B724D2F4540A600A0C1BB /* LaunchScreen.storyboard */ = {
			isa = PBXVariantGroup;
			children = (
				5B3B724E2F4540A600A0C1BB /* Base */,
			);
			name = LaunchScreen.storyboard;
			sourceTree = "<group>";
		};
/* End PBXVariantGroup section */

/* Begin XCBuildConfiguration section */
		5B3B72672F4540A600A0C1BB /* Debug */ = {
			isa = XCBuildConfiguration;
			buildSettings = {
				ALWAYS_SEARCH_USER_PATHS = NO;
				CLANG_ANALYZER_NONNULL = YES;
				CLANG_ANALYZER_NUMBER_OBJECT_CONVERSION = YES_AGGRESSIVE;
				CLANG_CXX_LANGUAGE_STANDARD = "gnu++20";
				CLANG_ENABLE_MODULES = YES;
				CLANG_ENABLE_OBJC_ARC = YES;
				CLANG_ENABLE_OBJC_WEAK = YES;
				CLANG_WARN_BLOCK_CAPTURE_AUTORELEASING = YES;
				CLANG_WARN_BOOL_CONVERSION = YES;
				CLANG_WARN_COMMA = YES;
				CLANG_WARN_CONSTANT_CONVERSION = YES;
				CLANG_WARN_DEPRECATED_OBJC_IMPLEMENTATIONS = YES;
				CLANG_WARN_DIRECT_OBJC_ISA_USAGE = YES_ERROR;
				CLANG_WARN_DOCUMENTATION_COMMENTS = YES;
				CLANG_WARN_EMPTY_BODY = YES;
				CLANG_WARN_ENUM_CONVERSION = YES;
				CLANG_WARN_INFINITE_RECURSION = YES;
				CLANG_WARN_INT_CONVERSION = YES;
				CLANG_WARN_NON_LITERAL_NULL_CONVERSION = YES;
				CLANG_WARN_OBJC_IMPLICIT_RETAIN_SELF = YES;
				CLANG_WARN_OBJC_LITERAL_CONVERSION = YES;
				CLANG_WARN_OBJC_ROOT_CLASS = YES_ERROR;
				CLANG_WARN_QUOTED_INCLUDE_IN_FRAMEWORK_HEADER = YES;
				CLANG_WARN_RANGE_LOOP_ANALYSIS = YES;
				CLANG_WARN_STRICT_PROTOTYPES = YES;
				CLANG_WARN_SUSPICIOUS_MOVE = YES;
				CLANG_WARN_UNGUARDED_AVAILABILITY = YES_AGGRESSIVE;
				CLANG_WARN_UNREACHABLE_CODE = YES;
				CLANG_WARN__DUPLICATE_METHOD_MATCH = YES;
				COPY_PHASE_STRIP = NO;
				DEBUG_INFORMATION_FORMAT = dwarf;
				ENABLE_STRICT_OBJC_MSGSEND = YES;
				ENABLE_TESTABILITY = YES;
				GCC_C_LANGUAGE_STANDARD = gnu11;
				GCC_DYNAMIC_NO_PIC = NO;
				GCC_NO_COMMON_BLOCKS = YES;
				GCC_OPTIMIZATION_LEVEL = 0;
				GCC_PREPROCESSOR_DEFINITIONS = (
					"DEBUG=1",
					"$(inherited)",
				);
				GCC_WARN_64_TO_32_BIT_CONVERSION = YES;
				GCC_WARN_ABOUT_RETURN_TYPE = YES_ERROR;
				GCC_WARN_UNDECLARED_SELECTOR = YES;
				GCC_WARN_UNINITIALIZED_AUTOS = YES_AGGRESSIVE;
				GCC_WARN_UNUSED_FUNCTION = YES;
				GCC_WARN_UNUSED_VARIABLE = YES;
				IPHONEOS_DEPLOYMENT_TARGET = 16.2;
				MTL_ENABLE_DEBUG_INFO = INCLUDE_SOURCE;
				MTL_FAST_MATH = YES;
				ONLY_ACTIVE_ARCH = YES;
				SDKROOT = iphoneos;
				SWIFT_ACTIVE_COMPILATION_CONDITIONS = DEBUG;
				SWIFT_OPTIMIZATION_LEVEL = "-Onone";
			};
			name = Debug;
		};
		5B3B72682F4540A600A0C1BB /* Release */ = {
			isa = XCBuildConfiguration;
			buildSettings = {
				ALWAYS_SEARCH_USER_PATHS = NO;
				CLANG_ANALYZER_NONNULL = YES;
				CLANG_ANALYZER_NUMBER_OBJECT_CONVERSION = YES_AGGRESSIVE;
				CLANG_CXX_LANGUAGE_STANDARD = "gnu++20";
				CLANG_ENABLE_MODULES = YES;
				CLANG_ENABLE_OBJC_ARC = YES;
				CLANG_ENABLE_OBJC_WEAK = YES;
				CLANG_WARN_BLOCK_CAPTURE_AUTORELEASING = YES;
				CLANG_WARN_BOOL_CONVERSION = YES;
				CLANG_WARN_COMMA = YES;
				CLANG_WARN_CONSTANT_CONVERSION = YES;
				CLANG_WARN_DEPRECATED_OBJC_IMPLEMENTATIONS = YES;
				CLANG_WARN_DIRECT_OBJC_ISA_USAGE = YES_ERROR;
				CLANG_WARN_DOCUMENTATION_COMMENTS = YES;
				CLANG_WARN_EMPTY_BODY = YES;
				CLANG_WARN_ENUM_CONVERSION = YES;
				CLANG_WARN_INFINITE_RECURSION = YES;
				CLANG_WARN_INT_CONVERSION = YES;
				CLANG_WARN_NON_LITERAL_NULL_CONVERSION = YES;
				CLANG_WARN_OBJC_IMPLICIT_RETAIN_SELF = YES;
				CLANG_WARN_OBJC_LITERAL_CONVERSION = YES;
				CLANG_WARN_OBJC_ROOT_CLASS = YES_ERROR;
				CLANG_WARN_QUOTED_INCLUDE_IN_FRAMEWORK_HEADER = YES;
				CLANG_WARN_RANGE_LOOP_ANALYSIS = YES;
				CLANG_WARN_STRICT_PROTOTYPES = YES;
				CLANG_WARN_SUSPICIOUS_MOVE = YES;
				CLANG_WARN_UNGUARDED_AVAILABILITY = YES_AGGRESSIVE;
				CLANG_WARN_UNREACHABLE_CODE = YES;
				CLANG_WARN__DUPLICATE_METHOD_MATCH = YES;
				COPY_PHASE_STRIP = NO;
				DEBUG_INFORMATION_FORMAT = "dwarf-with-dsym";
				ENABLE_NS_ASSERTIONS = NO;
				ENABLE_STRICT_OBJC_MSGSEND = YES;
				GCC_C_LANGUAGE_STANDARD = gnu11;
				GCC_NO_COMMON_BLOCKS = YES;
				GCC_WARN_64_TO_32_BIT_CONVERSION = YES;
				GCC_WARN_ABOUT_RETURN_TYPE = YES_ERROR;
				GCC_WARN_UNDECLARED_SELECTOR = YES;
				GCC_WARN_UNINITIALIZED_AUTOS = YES_AGGRESSIVE;
				GCC_WARN_UNUSED_FUNCTION = YES;
				GCC_WARN_UNUSED_VARIABLE = YES;
				IPHONEOS_DEPLOYMENT_TARGET = 16.2;
				MTL_ENABLE_DEBUG_INFO = NO;
				MTL_FAST_MATH = YES;
				SDKROOT = iphoneos;
				SWIFT_COMPILATION_MODE = wholemodule;
				SWIFT_OPTIMIZATION_LEVEL = "-O";
				VALIDATE_PRODUCT = YES;
			};
			name = Release;
		};
		5B3B726A2F4540A600A0C1BB /* Debug */ = {
			isa = XCBuildConfiguration;
			buildSettings = {
				ASSETCATALOG_COMPILER_APPICON_NAME = AppIcon;
				ASSETCATALOG_COMPILER_GLOBAL_ACCENT_COLOR_NAME = AccentColor;
				CODE_SIGN_IDENTITY = "Apple Development";
				CODE_SIGN_STYLE = Automatic;
				CURRENT_PROJECT_VERSION = 1;
				DEVELOPMENT_TEAM = RUTLL58S2M;
				GENERATE_INFOPLIST_FILE = YES;
				INFOPLIST_FILE = FutebasApp/Info.plist;
				INFOPLIST_KEY_UIApplicationSupportsIndirectInputEvents = YES;
				INFOPLIST_KEY_UILaunchStoryboardName = LaunchScreen;
				INFOPLIST_KEY_UISupportedInterfaceOrientations = UIInterfaceOrientationPortrait;
				INFOPLIST_KEY_UISupportedInterfaceOrientations_iPad = "UIInterfaceOrientationLandscapeLeft UIInterfaceOrientationLandscapeRight UIInterfaceOrientationPortrait UIInterfaceOrientationPortraitUpsideDown";
				IPHONEOS_DEPLOYMENT_TARGET = 15.0;
				LD_RUNPATH_SEARCH_PATHS = (
					"$(inherited)",
					"@executable_path/Frameworks",
				);
				MARKETING_VERSION = 1.0;
				PRODUCT_BUNDLE_IDENTIFIER = Coffee4Dev.FutebasApp;
				PRODUCT_NAME = "$(TARGET_NAME)";
				PROVISIONING_PROFILE_SPECIFIER = "";
				SUPPORTED_PLATFORMS = "iphoneos iphonesimulator";
				SUPPORTS_MACCATALYST = NO;
				SUPPORTS_MAC_DESIGNED_FOR_IPHONE_IPAD = NO;
				SWIFT_EMIT_LOC_STRINGS = YES;
				SWIFT_VERSION = 5.0;
				TARGETED_DEVICE_FAMILY = 1;
			};
			name = Debug;
		};
		5B3B726B2F4540A600A0C1BB /* Release */ = {
			isa = XCBuildConfiguration;
			buildSettings = {
				ASSETCATALOG_COMPILER_APPICON_NAME = AppIcon;
				ASSETCATALOG_COMPILER_GLOBAL_ACCENT_COLOR_NAME = AccentColor;
				CODE_SIGN_IDENTITY = "Apple Development";
				CODE_SIGN_STYLE = Automatic;
				CURRENT_PROJECT_VERSION = 1;
				DEVELOPMENT_TEAM = RUTLL58S2M;
				GENERATE_INFOPLIST_FILE = YES;
				INFOPLIST_FILE = FutebasApp/Info.plist;
				INFOPLIST_KEY_UIApplicationSupportsIndirectInputEvents = YES;
				INFOPLIST_KEY_UILaunchStoryboardName = LaunchScreen;
				INFOPLIST_KEY_UISupportedInterfaceOrientations = UIInterfaceOrientationPortrait;
				INFOPLIST_KEY_UISupportedInterfaceOrientations_iPad = "UIInterfaceOrientationLandscapeLeft UIInterfaceOrientationLandscapeRight UIInterfaceOrientationPortrait UIInterfaceOrientationPortraitUpsideDown";
				IPHONEOS_DEPLOYMENT_TARGET = 15.0;
				LD_RUNPATH_SEARCH_PATHS = (
					"$(inherited)",
					"@executable_path/Frameworks",
				);
				MARKETING_VERSION = 1.0;
				PRODUCT_BUNDLE_IDENTIFIER = Coffee4Dev.FutebasApp;
				PRODUCT_NAME = "$(TARGET_NAME)";
				PROVISIONING_PROFILE_SPECIFIER = "";
				SUPPORTED_PLATFORMS = "iphoneos iphonesimulator";
				SUPPORTS_MACCATALYST = NO;
				SUPPORTS_MAC_DESIGNED_FOR_IPHONE_IPAD = NO;
				SWIFT_EMIT_LOC_STRINGS = YES;
				SWIFT_VERSION = 5.0;
				TARGETED_DEVICE_FAMILY = 1;
			};
			name = Release;
		};
		5B3B726D2F4540A600A0C1BB /* Debug */ = {
			isa = XCBuildConfiguration;
			buildSettings = {
				ALWAYS_EMBED_SWIFT_STANDARD_LIBRARIES = YES;
				BUNDLE_LOADER = "$(TEST_HOST)";
				CODE_SIGN_STYLE = Automatic;
				CURRENT_PROJECT_VERSION = 1;
				DEVELOPMENT_TEAM = RUTLL58S2M;
				GENERATE_INFOPLIST_FILE = YES;
				IPHONEOS_DEPLOYMENT_TARGET = 16.2;
				MARKETING_VERSION = 1.0;
				PRODUCT_BUNDLE_IDENTIFIER = Coffee4Dev.FutebasAppTests;
				PRODUCT_NAME = "$(TARGET_NAME)";
				SWIFT_EMIT_LOC_STRINGS = NO;
				SWIFT_VERSION = 5.0;
				TARGETED_DEVICE_FAMILY = "1,2";
				TEST_HOST = "$(BUILT_PRODUCTS_DIR)/FutebasApp.app/$(BUNDLE_EXECUTABLE_FOLDER_PATH)/FutebasApp";
			};
			name = Debug;
		};
		5B3B726E2F4540A600A0C1BB /* Release */ = {
			isa = XCBuildConfiguration;
			buildSettings = {
				ALWAYS_EMBED_SWIFT_STANDARD_LIBRARIES = YES;
				BUNDLE_LOADER = "$(TEST_HOST)";
				CODE_SIGN_STYLE = Automatic;
				CURRENT_PROJECT_VERSION = 1;
				DEVELOPMENT_TEAM = RUTLL58S2M;
				GENERATE_INFOPLIST_FILE = YES;
				IPHONEOS_DEPLOYMENT_TARGET = 16.2;
				MARKETING_VERSION = 1.0;
				PRODUCT_BUNDLE_IDENTIFIER = Coffee4Dev.FutebasAppTests;
				PRODUCT_NAME = "$(TARGET_NAME)";
				SWIFT_EMIT_LOC_STRINGS = NO;
				SWIFT_VERSION = 5.0;
				TARGETED_DEVICE_FAMILY = "1,2";
				TEST_HOST = "$(BUILT_PRODUCTS_DIR)/FutebasApp.app/$(BUNDLE_EXECUTABLE_FOLDER_PATH)/FutebasApp";
			};
			name = Release;
		};
		5B3B72702F4540A600A0C1BB /* Debug */ = {
			isa = XCBuildConfiguration;
			buildSettings = {
				ALWAYS_EMBED_SWIFT_STANDARD_LIBRARIES = YES;
				CODE_SIGN_STYLE = Automatic;
				CURRENT_PROJECT_VERSION = 1;
				DEVELOPMENT_TEAM = RUTLL58S2M;
				GENERATE_INFOPLIST_FILE = YES;
				MARKETING_VERSION = 1.0;
				PRODUCT_BUNDLE_IDENTIFIER = Coffee4Dev.FutebasAppUITests;
				PRODUCT_NAME = "$(TARGET_NAME)";
				SWIFT_EMIT_LOC_STRINGS = NO;
				SWIFT_VERSION = 5.0;
				TARGETED_DEVICE_FAMILY = "1,2";
				TEST_TARGET_NAME = FutebasApp;
			};
			name = Debug;
		};
		5B3B72712F4540A600A0C1BB /* Release */ = {
			isa = XCBuildConfiguration;
			buildSettings = {
				ALWAYS_EMBED_SWIFT_STANDARD_LIBRARIES = YES;
				CODE_SIGN_STYLE = Automatic;
				CURRENT_PROJECT_VERSION = 1;
				DEVELOPMENT_TEAM = RUTLL58S2M;
				GENERATE_INFOPLIST_FILE = YES;
				MARKETING_VERSION = 1.0;
				PRODUCT_BUNDLE_IDENTIFIER = Coffee4Dev.FutebasAppUITests;
				PRODUCT_NAME = "$(TARGET_NAME)";
				SWIFT_EMIT_LOC_STRINGS = NO;
				SWIFT_VERSION = 5.0;
				TARGETED_DEVICE_FAMILY = "1,2";
				TEST_TARGET_NAME = FutebasApp;
			};
			name = Release;
		};
/* End XCBuildConfiguration section */

/* Begin XCConfigurationList section */
		5B3B72372F4540A400A0C1BB /* Build configuration list for PBXProject "FutebasApp" */ = {
			isa = XCConfigurationList;
			buildConfigurations = (
				5B3B72672F4540A600A0C1BB /* Debug */,
				5B3B72682F4540A600A0C1BB /* Release */,
			);
			defaultConfigurationIsVisible = 0;
			defaultConfigurationName = Release;
		};
		5B3B72692F4540A600A0C1BB /* Build configuration list for PBXNativeTarget "FutebasApp" */ = {
			isa = XCConfigurationList;
			buildConfigurations = (
				5B3B726A2F4540A600A0C1BB /* Debug */,
				5B3B726B2F4540A600A0C1BB /* Release */,
			);
			defaultConfigurationIsVisible = 0;
			defaultConfigurationName = Release;
		};
		5B3B726C2F4540A600A0C1BB /* Build configuration list for PBXNativeTarget "FutebasAppTests" */ = {
			isa = XCConfigurationList;
			buildConfigurations = (
				5B3B726D2F4540A600A0C1BB /* Debug */,
				5B3B726E2F4540A600A0C1BB /* Release */,
			);
			defaultConfigurationIsVisible = 0;
			defaultConfigurationName = Release;
		};
		5B3B726F2F4540A600A0C1BB /* Build configuration list for PBXNativeTarget "FutebasAppUITests" */ = {
			isa = XCConfigurationList;
			buildConfigurations = (
				5B3B72702F4540A600A0C1BB /* Debug */,
				5B3B72712F4540A600A0C1BB /* Release */,
			);
			defaultConfigurationIsVisible = 0;
			defaultConfigurationName = Release;
		};
/* End XCConfigurationList section */

/* Begin XCRemoteSwiftPackageReference section */
		5BAF5CEB2F81CAFE009C3358 /* XCRemoteSwiftPackageReference "firebase-ios-sdk" */ = {
			isa = XCRemoteSwiftPackageReference;
			repositoryURL = "https://github.com/firebase/firebase-ios-sdk";
			requirement = {
				kind = upToNextMajorVersion;
				minimumVersion = 12.11.0;
			};
		};
/* End XCRemoteSwiftPackageReference section */

/* Begin XCSwiftPackageProductDependency section */
		5BAF5CEC2F81CAFE009C3358 /* FirebaseAuth */ = {
			isa = XCSwiftPackageProductDependency;
			package = 5BAF5CEB2F81CAFE009C3358 /* XCRemoteSwiftPackageReference "firebase-ios-sdk" */;
			productName = FirebaseAuth;
		};
		5BAF5CEE2F81CAFE009C3358 /* FirebaseCore */ = {
			isa = XCSwiftPackageProductDependency;
			package = 5BAF5CEB2F81CAFE009C3358 /* XCRemoteSwiftPackageReference "firebase-ios-sdk" */;
			productName = FirebaseCore;
		};
		5BAF5CF02F81CAFE009C3358 /* FirebaseCrashlytics */ = {
			isa = XCSwiftPackageProductDependency;
			package = 5BAF5CEB2F81CAFE009C3358 /* XCRemoteSwiftPackageReference "firebase-ios-sdk" */;
			productName = FirebaseCrashlytics;
		};
/* End XCSwiftPackageProductDependency section */

/* Begin XCVersionGroup section */
		5B3B72482F4540A400A0C1BB /* FutebasApp.xcdatamodeld */ = {
			isa = XCVersionGroup;
			children = (
				5B3B72492F4540A400A0C1BB /* FutebasApp.xcdatamodel */,
			);
			currentVersion = 5B3B72492F4540A400A0C1BB /* FutebasApp.xcdatamodel */;
			path = FutebasApp.xcdatamodeld;
			sourceTree = "<group>";
			versionGroupType = wrapper.xcdatamodel;
		};
/* End XCVersionGroup section */
	};
	rootObject = 5B3B72342F4540A400A0C1BB /* Project object */;
}
